
Microsoft Visual Studio Solution File, Format Version 12.00
# Visual Studio 2012
Project("{FAE04EC0-301F-11D3-BF4B-00C04F79EFBC}") = "XMLReportValidationToolUI", "XMLReportValidationToolUI\XMLReportValidationToolUI.csproj", "{4BA5FE06-3FD5-48C2-B2EA-5BAB7D426310}"
EndProject
Project("{FAE04EC0-301F-11D3-BF4B-00C04F79EFBC}") = "DataHelper", "DataHelper\DataHelper.csproj", "{58360D70-DB39-46DF-848E-C5A46C8324BF}"
EndProject
Global
	GlobalSection(SolutionConfigurationPlatforms) = preSolution
		Debug|Any CPU = Debug|Any CPU
		Release|Any CPU = Release|Any CPU
	EndGlobalSection
	GlobalSection(ProjectConfigurationPlatforms) = postSolution
		{4BA5FE06-3FD5-48C2-B2EA-5BAB7D426310}.Debug|Any CPU.ActiveCfg = Debug|Any CPU
		{4BA5FE06-3FD5-48C2-B2EA-5BAB7D426310}.Debug|Any CPU.Build.0 = Debug|Any CPU
		{4BA5FE06-3FD5-48C2-B2EA-5BAB7D426310}.Release|Any CPU.ActiveCfg = Release|Any CPU
		{4BA5FE06-3FD5-48C2-B2EA-5BAB7D426310}.Release|Any CPU.Build.0 = Release|Any CPU
		{58360D70-DB39-46DF-848E-C5A46C8324BF}.Debug|Any CPU.ActiveCfg = Debug|Any CPU
		{58360D70-DB39-46DF-848E-C5A46C8324BF}.Debug|Any CPU.Build.0 = Debug|Any CPU
		{58360D70-DB39-46DF-848E-C5A46C8324BF}.Release|Any CPU.ActiveCfg = Release|Any CPU
		{58360D70-DB39-46DF-848E-C5A46C8324BF}.Release|Any CPU.Build.0 = Release|Any CPU
	EndGlobalSection
	GlobalSection(SolutionProperties) = preSolution
		HideSolutionNode = FALSE
	EndGlobalSection
EndGlobal
